// !$*UTF8*$!
{
	archiveVersion = 1;
	classes = {
	};
	objectVersion = 56;
	objects = {

/* Begin PBXBuildFile section */
		116A77D429CD00E2006D9DB8 /* StockOverviewIosApp.swift in Sources */ = {isa = PBXBuildFile; fileRef = 116A77D329CD00E2006D9DB8 /* StockOverviewIosApp.swift */; };
		116A77D629CD00E2006D9DB8 /* ContentView.swift in Sources */ = {isa = PBXBuildFile; fileRef = 116A77D529CD00E2006D9DB8 /* ContentView.swift */; };
		116A77D829CD00E3006D9DB8 /* Assets.xcassets in Resources */ = {isa = PBXBuildFile; fileRef = 116A77D729CD00E3006D9DB8 /* Assets.xcassets */; };
		116A77DB29CD00E3006D9DB8 /* Preview Assets.xcassets in Resources */ = {isa = PBXBuildFile; fileRef = 116A77DA29CD00E3006D9DB8 /* Preview Assets.xcassets */; };
		DB59F1F20863DD76DA672CE3 /* Pods_StockOverviewIos.framework in Frameworks */ = {isa = PBXBuildFile; fileRef = 70BCDCEAAD88B572BDCB9F6E /* Pods_StockOverviewIos.framework */; };
/* End PBXBuildFile section */

/* Begin PBXFileReference section */
		116A77D029CD00E2006D9DB8 /* StockOverviewIos.app */ = {isa = PBXFileReference; explicitFileType = wrapper.application; includeInIndex = 0; path = StockOverviewIos.app; sourceTree = BUILT_PRODUCTS_DIR; };
		116A77D329CD00E2006D9DB8 /* StockOverviewIosApp.swift */ = {isa = PBXFileReference; lastKnownFileType = sourcecode.swift; path = StockOverviewIosApp.swift; sourceTree = "<group>"; };
		116A77D529CD00E2006D9DB8 /* ContentView.swift */ = {isa = PBXFileReference; lastKnownFileType = sourcecode.swift; path = ContentView.swift; sourceTree = "<group>"; };
		116A77D729CD00E3006D9DB8 /* Assets.xcassets */ = {isa = PBXFileReference; lastKnownFileType = folder.assetcatalog; path = Assets.xcassets; sourceTree = "<group>"; };
		116A77DA29CD00E3006D9DB8 /* Preview Assets.xcassets */ = {isa = PBXFileReference; lastKnownFileType = folder.assetcatalog; path = "Preview Assets.xcassets"; sourceTree = "<group>"; };
		2907EC216E7F872BC130E08A /* Pods-StockOverviewIos.debug.xcconfig */ = {isa = PBXFileReference; includeInIndex = 1; lastKnownFileType = text.xcconfig; name = "Pods-StockOverviewIos.debug.xcconfig"; path = "Target Support Files/Pods-StockOverviewIos/Pods-StockOverviewIos.debug.xcconfig"; sourceTree = "<group>"; };
		30DCB17909A0CC97BA7C2FD6 /* Pods-StockOverviewIos.release.xcconfig */ = {isa = PBXFileReference; includeInIndex = 1; lastKnownFileType = text.xcconfig; name = "Pods-StockOverviewIos.release.xcconfig"; path = "Target Support Files/Pods-StockOverviewIos/Pods-StockOverviewIos.release.xcconfig"; sourceTree = "<group>"; };
		70BCDCEAAD88B572BDCB9F6E /* Pods_StockOverviewIos.framework */ = {isa = PBXFileReference; explicitFileType = wrapper.framework; includeInIndex = 0; path = Pods_StockOverviewIos.framework; sourceTree = BUILT_PRODUCTS_DIR; };
/* End PBXFileReference section */

/* Begin PBXFrameworksBuildPhase section */
		116A77CD29CD00E2006D9DB8 /* Frameworks */ = {
			isa = PBXFrameworksBuildPhase;
			buildActionMask = 2147483647;
			files = (
				DB59F1F20863DD76DA672CE3 /* Pods_StockOverviewIos.framework in Frameworks */,
			);
			runOnlyForDeploymentPostprocessing = 0;
		};
/* End PBXFrameworksBuildPhase section */

/* Begin PBXGroup section */
		05B59DBE7C439BB0BAEE2387 /* Frameworks */ = {
			isa = PBXGroup;
			children = (
				70BCDCEAAD88B572BDCB9F6E /* Pods_StockOverviewIos.framework */,
			);
			name = Frameworks;
			sourceTree = "<group>";
		};
		116A77C729CD00E2006D9DB8 = {
			isa = PBXGroup;
			children = (
				116A77D229CD00E2006D9DB8 /* StockOverviewIos */,
				116A77D129CD00E2006D9DB8 /* Products */,
				3E12C2D0A7E0C97C6ACEF15E /* Pods */,
				05B59DBE7C439BB0BAEE2387 /* Frameworks */,
			);
			sourceTree = "<group>";
		};
		116A77D129CD00E2006D9DB8 /* Products */ = {
			isa = PBXGroup;
			children = (
				116A77D029CD00E2006D9DB8 /* StockOverviewIos.app */,
			);
			name = Products;
			sourceTree = "<group>";
		};
		116A77D229CD00E2006D9DB8 /* StockOverviewIos */ = {
			isa = PBXGroup;
			children = (
				116A77D329CD00E2006D9DB8 /* StockOverviewIosApp.swift */,
				116A77D529CD00E2006D9DB8 /* ContentView.swift */,
				116A77D729CD00E3006D9DB8 /* Assets.xcassets */,
				116A77D929CD00E3006D9DB8 /* Preview Content */,
			);
			path = StockOverviewIos;
			sourceTree = "<group>";
		};
		116A77D929CD00E3006D9DB8 /* Preview Content */ = {
			isa = PBXGroup;
			children = (
				116A77DA29CD00E3006D9DB8 /* Preview Assets.xcassets */,
			);
			path = "Preview Content";
			sourceTree = "<group>";
		};
		3E12C2D0A7E0C97C6ACEF15E /* Pods */ = {
			isa = PBXGroup;
			children = (
				2907EC216E7F872BC130E08A /* Pods-StockOverviewIos.debug.xcconfig */,
				30DCB17909A0CC97BA7C2FD6 /* Pods-StockOverviewIos.release.xcconfig */,
			);
			path = Pods;
			sourceTree = "<group>";
		};
/* End PBXGroup section */

/* Begin PBXNativeTarget section */
		116A77CF29CD00E2006D9DB8 /* StockOverviewIos */ = {
			isa = PBXNativeTarget;
			buildConfigurationList = 116A77DE29CD00E3006D9DB8 /* Build configuration list for PBXNativeTarget "StockOverviewIos" */;
			buildPhases = (
				FF4559336F1870F438D0B7A6 /* [CP] Check Pods Manifest.lock */,
				A811F333B3F26FC91E4448EC /* [CP-User] Run Flutter Build stock_overview_flutter Script */,
				116A77CC29CD00E2006D9DB8 /* Sources */,
				116A77CD29CD00E2006D9DB8 /* Frameworks */,
				116A77CE29CD00E2006D9DB8 /* Resources */,
				8F0349777EA1E17D74C5C4AD /* [CP-User] Embed Flutter Build stock_overview_flutter Script */,
			);
			buildRules = (
			);
			dependencies = (
			);
			name = StockOverviewIos;
			productName = StockOverviewIos;
			productReference = 116A77D029CD00E2006D9DB8 /* StockOverviewIos.app */;
			productType = "com.apple.product-type.application";
		};
/* End PBXNativeTarget section */

/* Begin PBXProject section */
		116A77C829CD00E2006D9DB8 /* Project object */ = {
			isa = PBXProject;
			attributes = {
				BuildIndependentTargetsInParallel = 1;
				LastSwiftUpdateCheck = 1400;
				LastUpgradeCheck = 1400;
				TargetAttributes = {
					116A77CF29CD00E2006D9DB8 = {
						CreatedOnToolsVersion = 14.0.1;
					};
				};
			};
			buildConfigurationList = 116A77CB29CD00E2006D9DB8 /* Build configuration list for PBXProject "StockOverviewIos" */;
			compatibilityVersion = "Xcode 14.0";
			developmentRegion = en;
			hasScannedForEncodings = 0;
			knownRegions = (
				en,
				Base,
			);
			mainGroup = 116A77C729CD00E2006D9DB8;
			productRefGroup = 116A77D129CD00E2006D9DB8 /* Products */;
			projectDirPath = "";
			projectRoot = "";
			targets = (
				116A77CF29CD00E2006D9DB8 /* StockOverviewIos */,
			);
		};
/* End PBXProject section */

/* Begin PBXResourcesBuildPhase section */
		116A77CE29CD00E2006D9DB8 /* Resources */ = {
			isa = PBXResourcesBuildPhase;
			buildActionMask = 2147483647;
			files = (
				116A77DB29CD00E3006D9DB8 /* Preview Assets.xcassets in Resources */,
				116A77D829CD00E3006D9DB8 /* Assets.xcassets in Resources */,
			);
			runOnlyForDeploymentPostprocessing = 0;
		};
/* End PBXResourcesBuildPhase section */

/* Begin PBXShellScriptBuildPhase section */
		8F0349777EA1E17D74C5C4AD /* [CP-User] Embed Flutter Build stock_overview_flutter Script */ = {
			isa = PBXShellScriptBuildPhase;
			buildActionMask = 2147483647;
			files = (
			);
			name = "[CP-User] Embed Flutter Build stock_overview_flutter Script";
			runOnlyForDeploymentPostprocessing = 0;
			shellPath = /bin/sh;
			shellScript = "set -e\nset -u\nsource \"${SRCROOT}/../stock_overview_flutter/.ios/Flutter/flutter_export_environment.sh\"\nexport VERBOSE_SCRIPT_LOGGING=1 && \"$FLUTTER_ROOT\"/packages/flutter_tools/bin/xcode_backend.sh embed_and_thin";
		};
		A811F333B3F26FC91E4448EC /* [CP-User] Run Flutter Build stock_overview_flutter Script */ = {
			isa = PBXShellScriptBuildPhase;
			buildActionMask = 2147483647;
			files = (
			);
			name = "[CP-User] Run Flutter Build stock_overview_flutter Script";
			runOnlyForDeploymentPostprocessing = 0;
			shellPath = /bin/sh;
			shellScript = "set -e\nset -u\nsource \"${SRCROOT}/../stock_overview_flutter/.ios/Flutter/flutter_export_environment.sh\"\nexport VERBOSE_SCRIPT_LOGGING=1 && \"$FLUTTER_ROOT\"/packages/flutter_tools/bin/xcode_backend.sh build";
		};
		FF4559336F1870F438D0B7A6 /* [CP] Check Pods Manifest.lock */ = {
			isa = PBXShellScriptBuildPhase;
			buildActionMask = 2147483647;
			files = (
			);
			inputFileListPaths = (
			);
			inputPaths = (
				"${PODS_PODFILE_DIR_PATH}/Podfile.lock",
				"${PODS_ROOT}/Manifest.lock",
			);
			name = "[CP] Check Pods Manifest.lock";
			outputFileListPaths = (
			);
			outputPaths = (
				"$(DERIVED_FILE_DIR)/Pods-StockOverviewIos-checkManifestLockResult.txt",
			);
			runOnlyForDeploymentPostprocessing = 0;
			shellPath = /bin/sh;
			shellScript = "diff \"${PODS_PODFILE_DIR_PATH}/Podfile.lock\" \"${PODS_ROOT}/Manifest.lock\" > /dev/null\nif [ $? != 0 ] ; then\n    # print error to STDERR\n    echo \"error: The sandbox is not in sync with the Podfile.lock. Run 'pod install' or update your CocoaPods installation.\" >&2\n    exit 1\nfi\n# This output is used by Xcode 'outputs' to avoid re-running this script phase.\necho \"SUCCESS\" > \"${SCRIPT_OUTPUT_FILE_0}\"\n";
			showEnvVarsInLog = 0;
		};
/* End PBXShellScriptBuildPhase section */

/* Begin PBXSourcesBuildPhase section */
		116A77CC29CD00E2006D9DB8 /* Sources */ = {
			isa = PBXSourcesBuildPhase;
			buildActionMask = 2147483647;
			files = (
				116A77D629CD00E2006D9DB8 /* ContentView.swift in Sources */,
				116A77D429CD00E2006D9DB8 /* StockOverviewIosApp.swift in Sources */,
			);
			runOnlyForDeploymentPostprocessing = 0;
		};
/* End PBXSourcesBuildPhase section */

/* Begin XCBuildConfiguration section */
		116A77DC29CD00E3006D9DB8 /* Debug */ = {
			isa = XCBuildConfiguration;
			buildSettings = {
				ALWAYS_SEARCH_USER_PATHS = NO;
				CLANG_ANALYZER_NONNULL = YES;
				CLANG_ANALYZER_NUMBER_OBJECT_CONVERSION = YES_AGGRESSIVE;
				CLANG_CXX_LANGUAGE_STANDARD = "gnu++20";
				CLANG_ENABLE_MODULES = YES;
				CLANG_ENABLE_OBJC_ARC = YES;
				CLANG_ENABLE_OBJC_WEAK = YES;
				CLANG_WARN_BLOCK_CAPTURE_AUTORELEASING = YES;
				CLANG_WARN_BOOL_CONVERSION = YES;
				CLANG_WARN_COMMA = YES;
				CLANG_WARN_CONSTANT_CONVERSION = YES;
				CLANG_WARN_DEPRECATED_OBJC_IMPLEMENTATIONS = YES;
				CLANG_WARN_DIRECT_OBJC_ISA_USAGE = YES_ERROR;
				CLANG_WARN_DOCUMENTATION_COMMENTS = YES;
				CLANG_WARN_EMPTY_BODY = YES;
				CLANG_WARN_ENUM_CONVERSION = YES;
				CLANG_WARN_INFINITE_RECURSION = YES;
				CLANG_WARN_INT_CONVERSION = YES;
				CLANG_WARN_NON_LITERAL_NULL_CONVERSION = YES;
				CLANG_WARN_OBJC_IMPLICIT_RETAIN_SELF = YES;
				CLANG_WARN_OBJC_LITERAL_CONVERSION = YES;
				CLANG_WARN_OBJC_ROOT_CLASS = YES_ERROR;
				CLANG_WARN_QUOTED_INCLUDE_IN_FRAMEWORK_HEADER = YES;
				CLANG_WARN_RANGE_LOOP_ANALYSIS = YES;
				CLANG_WARN_STRICT_PROTOTYPES = YES;
				CLANG_WARN_SUSPICIOUS_MOVE = YES;
				CLANG_WARN_UNGUARDED_AVAILABILITY = YES_AGGRESSIVE;
				CLANG_WARN_UNREACHABLE_CODE = YES;
				CLANG_WARN__DUPLICATE_METHOD_MATCH = YES;
				COPY_PHASE_STRIP = NO;
				DEBUG_INFORMATION_FORMAT = dwarf;
				ENABLE_STRICT_OBJC_MSGSEND = YES;
				ENABLE_TESTABILITY = YES;
				GCC_C_LANGUAGE_STANDARD = gnu11;
				GCC_DYNAMIC_NO_PIC = NO;
				GCC_NO_COMMON_BLOCKS = YES;
				GCC_OPTIMIZATION_LEVEL = 0;
				GCC_PREPROCESSOR_DEFINITIONS = (
					"DEBUG=1",
					"$(inherited)",
				);
				GCC_WARN_64_TO_32_BIT_CONVERSION = YES;
				GCC_WARN_ABOUT_RETURN_TYPE = YES_ERROR;
				GCC_WARN_UNDECLARED_SELECTOR = YES;
				GCC_WARN_UNINITIALIZED_AUTOS = YES_AGGRESSIVE;
				GCC_WARN_UNUSED_FUNCTION = YES;
				GCC_WARN_UNUSED_VARIABLE = YES;
				IPHONEOS_DEPLOYMENT_TARGET = 16.0;
				MTL_ENABLE_DEBUG_INFO = INCLUDE_SOURCE;
				MTL_FAST_MATH = YES;
				ONLY_ACTIVE_ARCH = YES;
				SDKROOT = iphoneos;
				SWIFT_ACTIVE_COMPILATION_CONDITIONS = DEBUG;
				SWIFT_OPTIMIZATION_LEVEL = "-Onone";
			};
			name = Debug;
		};
		116A77DD29CD00E3006D9DB8 /* Release */ = {
			isa = XCBuildConfiguration;
			buildSettings = {
				ALWAYS_SEARCH_USER_PATHS = NO;
				CLANG_ANALYZER_NONNULL = YES;
				CLANG_ANALYZER_NUMBER_OBJECT_CONVERSION = YES_AGGRESSIVE;
				CLANG_CXX_LANGUAGE_STANDARD = "gnu++20";
				CLANG_ENABLE_MODULES = YES;
				CLANG_ENABLE_OBJC_ARC = YES;
				CLANG_ENABLE_OBJC_WEAK = YES;
				CLANG_WARN_BLOCK_CAPTURE_AUTORELEASING = YES;
				CLANG_WARN_BOOL_CONVERSION = YES;
				CLANG_WARN_COMMA = YES;
				CLANG_WARN_CONSTANT_CONVERSION = YES;
				CLANG_WARN_DEPRECATED_OBJC_IMPLEMENTATIONS = YES;
				CLANG_WARN_DIRECT_OBJC_ISA_USAGE = YES_ERROR;
				CLANG_WARN_DOCUMENTATION_COMMENTS = YES;
				CLANG_WARN_EMPTY_BODY = YES;
				CLANG_WARN_ENUM_CONVERSION = YES;
				CLANG_WARN_INFINITE_RECURSION = YES;
				CLANG_WARN_INT_CONVERSION = YES;
				CLANG_WARN_NON_LITERAL_NULL_CONVERSION = YES;
				CLANG_WARN_OBJC_IMPLICIT_RETAIN_SELF = YES;
				CLANG_WARN_OBJC_LITERAL_CONVERSION = YES;
				CLANG_WARN_OBJC_ROOT_CLASS = YES_ERROR;
				CLANG_WARN_QUOTED_INCLUDE_IN_FRAMEWORK_HEADER = YES;
				CLANG_WARN_RANGE_LOOP_ANALYSIS = YES;
				CLANG_WARN_STRICT_PROTOTYPES = YES;
				CLANG_WARN_SUSPICIOUS_MOVE = YES;
				CLANG_WARN_UNGUARDED_AVAILABILITY = YES_AGGRESSIVE;
				CLANG_WARN_UNREACHABLE_CODE = YES;
				CLANG_WARN__DUPLICATE_METHOD_MATCH = YES;
				COPY_PHASE_STRIP = NO;
				DEBUG_INFORMATION_FORMAT = "dwarf-with-dsym";
				ENABLE_NS_ASSERTIONS = NO;
				ENABLE_STRICT_OBJC_MSGSEND = YES;
				GCC_C_LANGUAGE_STANDARD = gnu11;
				GCC_NO_COMMON_BLOCKS = YES;
				GCC_WARN_64_TO_32_BIT_CONVERSION = YES;
				GCC_WARN_ABOUT_RETURN_TYPE = YES_ERROR;
				GCC_WARN_UNDECLARED_SELECTOR = YES;
				GCC_WARN_UNINITIALIZED_AUTOS = YES_AGGRESSIVE;
				GCC_WARN_UNUSED_FUNCTION = YES;
				GCC_WARN_UNUSED_VARIABLE = YES;
				IPHONEOS_DEPLOYMENT_TARGET = 16.0;
				MTL_ENABLE_DEBUG_INFO = NO;
				MTL_FAST_MATH = YES;
				SDKROOT = iphoneos;
				SWIFT_COMPILATION_MODE = wholemodule;
				SWIFT_OPTIMIZATION_LEVEL = "-O";
				VALIDATE_PRODUCT = YES;
			};
			name = Release;
		};
		116A77DF29CD00E3006D9DB8 /* Debug */ = {
			isa = XCBuildConfiguration;
			baseConfigurationReference = 2907EC216E7F872BC130E08A /* Pods-StockOverviewIos.debug.xcconfig */;
			buildSettings = {
				ASSETCATALOG_COMPILER_APPICON_NAME = AppIcon;
				ASSETCATALOG_COMPILER_GLOBAL_ACCENT_COLOR_NAME = AccentColor;
				CODE_SIGN_STYLE = Automatic;
				CURRENT_PROJECT_VERSION = 1;
				DEVELOPMENT_ASSET_PATHS = "\"StockOverviewIos/Preview Content\"";
				ENABLE_PREVIEWS = YES;
				GENERATE_INFOPLIST_FILE = YES;
				INFOPLIST_KEY_UIApplicationSceneManifest_Generation = YES;
				INFOPLIST_KEY_UIApplicationSupportsIndirectInputEvents = YES;
				INFOPLIST_KEY_UILaunchScreen_Generation = YES;
				INFOPLIST_KEY_UISupportedInterfaceOrientations_iPad = "UIInterfaceOrientationPortrait UIInterfaceOrientationPortraitUpsideDown UIInterfaceOrientationLandscapeLeft UIInterfaceOrientationLandscapeRight";
				INFOPLIST_KEY_UISupportedInterfaceOrientations_iPhone = "UIInterfaceOrientationPortrait UIInterfaceOrientationLandscapeLeft UIInterfaceOrientationLandscapeRight";
				LD_RUNPATH_SEARCH_PATHS = (
					"$(inherited)",
					"@executable_path/Frameworks",
				);
				MARKETING_VERSION = 1.0;
				PRODUCT_BUNDLE_IDENTIFIER = com.example.StockOverviewIos;
				PRODUCT_NAME = "$(TARGET_NAME)";
				SWIFT_EMIT_LOC_STRINGS = YES;
				SWIFT_VERSION = 5.0;
				TARGETED_DEVICE_FAMILY = "1,2";
			};
			name = Debug;
		};
		116A77E029CD00E3006D9DB8 /* Release */ = {
			isa = XCBuildConfiguration;
			baseConfigurationReference = 30DCB17909A0CC97BA7C2FD6 /* Pods-StockOverviewIos.release.xcconfig */;
			buildSettings = {
				ASSETCATALOG_COMPILER_APPICON_NAME = AppIcon;
				ASSETCATALOG_COMPILER_GLOBAL_ACCENT_COLOR_NAME = AccentColor;
				CODE_SIGN_STYLE = Automatic;
				CURRENT_PROJECT_VERSION = 1;
				DEVELOPMENT_ASSET_PATHS = "\"StockOverviewIos/Preview Content\"";
				ENABLE_PREVIEWS = YES;
				GENERATE_INFOPLIST_FILE = YES;
				INFOPLIST_KEY_UIApplicationSceneManifest_Generation = YES;
				INFOPLIST_KEY_UIApplicationSupportsIndirectInputEvents = YES;
				INFOPLIST_KEY_UILaunchScreen_Generation = YES;
				INFOPLIST_KEY_UISupportedInterfaceOrientations_iPad = "UIInterfaceOrientationPortrait UIInterfaceOrientationPortraitUpsideDown UIInterfaceOrientationLandscapeLeft UIInterfaceOrientationLandscapeRight";
				INFOPLIST_KEY_UISupportedInterfaceOrientations_iPhone = "UIInterfaceOrientationPortrait UIInterfaceOrientationLandscapeLeft UIInterfaceOrientationLandscapeRight";
				LD_RUNPATH_SEARCH_PATHS = (
					"$(inherited)",
					"@executable_path/Frameworks",
				);
				MARKETING_VERSION = 1.0;
				PRODUCT_BUNDLE_IDENTIFIER = com.example.StockOverviewIos;
				PRODUCT_NAME = "$(TARGET_NAME)";
				SWIFT_EMIT_LOC_STRINGS = YES;
				SWIFT_VERSION = 5.0;
				TARGETED_DEVICE_FAMILY = "1,2";
			};
			name = Release;
		};
/* End XCBuildConfiguration section */

/* Begin XCConfigurationList section */
		116A77CB29CD00E2006D9DB8 /* Build configuration list for PBXProject "StockOverviewIos" */ = {
			isa = XCConfigurationList;
			buildConfigurations = (
				116A77DC29CD00E3006D9DB8 /* Debug */,
				116A77DD29CD00E3006D9DB8 /* Release */,
			);
			defaultConfigurationIsVisible = 0;
			defaultConfigurationName = Release;
		};
		116A77DE29CD00E3006D9DB8 /* Build configuration list for PBXNativeTarget "StockOverviewIos" */ = {
			isa = XCConfigurationList;
			buildConfigurations = (
				116A77DF29CD00E3006D9DB8 /* Debug */,
				116A77E029CD00E3006D9DB8 /* Release */,
			);
			defaultConfigurationIsVisible = 0;
			defaultConfigurationName = Release;
		};
/* End XCConfigurationList section */
	};
	rootObject = 116A77C829CD00E2006D9DB8 /* Project object */;
}
